
Microsoft Visual Studio Solution File, Format Version 12.00
# Visual Studio Version 16
VisualStudioVersion = 16.0.31205.134
MinimumVisualStudioVersion = 10.0.40219.1
Project("{8BC9CEB8-8B4A-11D0-8D11-00A0C91BC942}") = "项目调试", "项目调试\项目调试.vcxproj", "{0591808C-F1D6-479A-9A1C-E02728CE2E64}"
EndProject
Global
	GlobalSection(SolutionConfigurationPlatforms) = preSolution
		Debug|x64 = Debug|x64
		Debug|x86 = Debug|x86
		Release|x64 = Release|x64
		Release|x86 = Release|x86
	EndGlobalSection
	GlobalSection(ProjectConfigurationPlatforms) = postSolution
		{0591808C-F1D6-479A-9A1C-E02728CE2E64}.Debug|x64.ActiveCfg = Debug|x64
		{0591808C-F1D6-479A-9A1C-E02728CE2E64}.Debug|x64.Build.0 = Debug|x64
		{0591808C-F1D6-479A-9A1C-E02728CE2E64}.Debug|x86.ActiveCfg = Debug|Win32
		{0591808C-F1D6-479A-9A1C-E02728CE2E64}.Debug|x86.Build.0 = Debug|Win32
		{0591808C-F1D6-479A-9A1C-E02728CE2E64}.Release|x64.ActiveCfg = Release|x64
		{0591808C-F1D6-479A-9A1C-E02728CE2E64}.Release|x64.Build.0 = Release|x64
		{0591808C-F1D6-479A-9A1C-E02728CE2E64}.Release|x86.ActiveCfg = Release|Win32
		{0591808C-F1D6-479A-9A1C-E02728CE2E64}.Release|x86.Build.0 = Release|Win32
	EndGlobalSection
	GlobalSection(SolutionProperties) = preSolution
		HideSolutionNode = FALSE
	EndGlobalSection
	GlobalSection(ExtensibilityGlobals) = postSolution
		SolutionGuid = {065F996C-3AB9-4D2A-B4E1-64771B49069D}
	EndGlobalSection
EndGlobal
